
Microsoft Visual Studio Solution File, Format Version 12.00
# Visual Studio Version 17
VisualStudioVersion = 17.0.31410.414
MinimumVisualStudioVersion = 10.0.40219.1
Project("{FAE04EC0-301F-11D3-BF4B-00C04F79EFBC}") = "NumberOfIslands", "NumberOfIslands\NumberOfIslands.csproj", "{126E53E2-916B-4EF7-85B4-F37238FBE75B}"
EndProject
Global
	GlobalSection(SolutionConfigurationPlatforms) = preSolution
		Debug|Any CPU = Debug|Any CPU
		Release|Any CPU = Release|Any CPU
	EndGlobalSection
	GlobalSection(ProjectConfigurationPlatforms) = postSolution
		{126E53E2-916B-4EF7-85B4-F37238FBE75B}.Debug|Any CPU.ActiveCfg = Debug|Any CPU
		{126E53E2-916B-4EF7-85B4-F37238FBE75B}.Debug|Any CPU.Build.0 = Debug|Any CPU
		{126E53E2-916B-4EF7-85B4-F37238FBE75B}.Release|Any CPU.ActiveCfg = Release|Any CPU
		{126E53E2-916B-4EF7-85B4-F37238FBE75B}.Release|Any CPU.Build.0 = Release|Any CPU
	EndGlobalSection
	GlobalSection(SolutionProperties) = preSolution
		HideSolutionNode = FALSE
	EndGlobalSection
	GlobalSection(ExtensibilityGlobals) = postSolution
		SolutionGuid = {2E5ECD61-16CC-4BAD-A8CF-DC0B621D4460}
	EndGlobalSection
EndGlobal
